
Microsoft Visual Studio Solution File, Format Version 12.00
# Visual Studio Version 16
VisualStudioVersion = 16.0.31624.102
MinimumVisualStudioVersion = 10.0.40219.1
Project("{9A19103F-16F7-4668-BE54-9A1E7A4F7556}") = "UsersAPI", "UsersAPI\UsersAPI.csproj", "{9D05BEE0-F4C3-4743-BA3C-E1D1BA041B76}"
EndProject
Global
	GlobalSection(SolutionConfigurationPlatforms) = preSolution
		Debug|Any CPU = Debug|Any CPU
		Release|Any CPU = Release|Any CPU
	EndGlobalSection
	GlobalSection(ProjectConfigurationPlatforms) = postSolution
		{9D05BEE0-F4C3-4743-BA3C-E1D1BA041B76}.Debug|Any CPU.ActiveCfg = Debug|Any CPU
		{9D05BEE0-F4C3-4743-BA3C-E1D1BA041B76}.Debug|Any CPU.Build.0 = Debug|Any CPU
		{9D05BEE0-F4C3-4743-BA3C-E1D1BA041B76}.Release|Any CPU.ActiveCfg = Release|Any CPU
		{9D05BEE0-F4C3-4743-BA3C-E1D1BA041B76}.Release|Any CPU.Build.0 = Release|Any CPU
	EndGlobalSection
	GlobalSection(SolutionProperties) = preSolution
		HideSolutionNode = FALSE
	EndGlobalSection
	GlobalSection(ExtensibilityGlobals) = postSolution
		SolutionGuid = {0B559382-50E9-4E68-B802-B0A620FE727E}
	EndGlobalSection
EndGlobal
